// !$*UTF8*$!
{
	archiveVersion = 1;
	classes = {
	};
	objectVersion = 50;
	objects = {

/* Begin PBXBuildFile section */
		3E138B20227DC023007B3C3C /* AppDelegate.swift in Sources */ = {isa = PBXBuildFile; fileRef = 3E138B1F227DC023007B3C3C /* AppDelegate.swift */; };
		3E138B22227DC023007B3C3C /* SearchViewController.swift in Sources */ = {isa = PBXBuildFile; fileRef = 3E138B21227DC023007B3C3C /* SearchViewController.swift */; };
		3E138B25227DC023007B3C3C /* Main.storyboard in Resources */ = {isa = PBXBuildFile; fileRef = 3E138B23227DC023007B3C3C /* Main.storyboard */; };
		3E138B27227DC025007B3C3C /* Assets.xcassets in Resources */ = {isa = PBXBuildFile; fileRef = 3E138B26227DC025007B3C3C /* Assets.xcassets */; };
		3E138B2A227DC025007B3C3C /* LaunchScreen.storyboard in Resources */ = {isa = PBXBuildFile; fileRef = 3E138B28227DC025007B3C3C /* LaunchScreen.storyboard */; };
		3E138B35227DC025007B3C3C /* OwenHenley_Associate_iOS_Engineer_LondonTests.swift in Sources */ = {isa = PBXBuildFile; fileRef = 3E138B34227DC025007B3C3C /* OwenHenley_Associate_iOS_Engineer_LondonTests.swift */; };
		3E138B48227DCB5C007B3C3C /* NetworkController.swift in Sources */ = {isa = PBXBuildFile; fileRef = 3E138B47227DCB5C007B3C3C /* NetworkController.swift */; };
		3E138B4B227DCB8F007B3C3C /* RestaurantTableViewCell.swift in Sources */ = {isa = PBXBuildFile; fileRef = 3E138B49227DCB8F007B3C3C /* RestaurantTableViewCell.swift */; };
		3E138B4C227DCB8F007B3C3C /* RestaurantTableViewCell.xib in Resources */ = {isa = PBXBuildFile; fileRef = 3E138B4A227DCB8F007B3C3C /* RestaurantTableViewCell.xib */; };
		3EDE91AB227DD9CB00F10FD6 /* Restaurant.swift in Sources */ = {isa = PBXBuildFile; fileRef = 3EDE91AA227DD9CB00F10FD6 /* Restaurant.swift */; };
		3EDE91AD227DDEDA00F10FD6 /* AuthKey.plist in Resources */ = {isa = PBXBuildFile; fileRef = 3EDE91AC227DDEDA00F10FD6 /* AuthKey.plist */; };
/* End PBXBuildFile section */

/* Begin PBXContainerItemProxy section */
		3E138B31227DC025007B3C3C /* PBXContainerItemProxy */ = {
			isa = PBXContainerItemProxy;
			containerPortal = 3E138B14227DC023007B3C3C /* Project object */;
			proxyType = 1;
			remoteGlobalIDString = 3E138B1B227DC023007B3C3C;
			remoteInfo = "OwenHenley-Associate-iOS-Engineer-London";
		};
/* End PBXContainerItemProxy section */

/* Begin PBXFileReference section */
		3E138B1C227DC023007B3C3C /* OwenHenley-Associate-iOS-Engineer-London.app */ = {isa = PBXFileReference; explicitFileType = wrapper.application; includeInIndex = 0; path = "OwenHenley-Associate-iOS-Engineer-London.app"; sourceTree = BUILT_PRODUCTS_DIR; };
		3E138B1F227DC023007B3C3C /* AppDelegate.swift */ = {isa = PBXFileReference; lastKnownFileType = sourcecode.swift; path = AppDelegate.swift; sourceTree = "<group>"; };
		3E138B21227DC023007B3C3C /* SearchViewController.swift */ = {isa = PBXFileReference; lastKnownFileType = sourcecode.swift; path = SearchViewController.swift; sourceTree = "<group>"; };
		3E138B24227DC023007B3C3C /* Base */ = {isa = PBXFileReference; lastKnownFileType = file.storyboard; name = Base; path = Base.lproj/Main.storyboard; sourceTree = "<group>"; };
		3E138B26227DC025007B3C3C /* Assets.xcassets */ = {isa = PBXFileReference; lastKnownFileType = folder.assetcatalog; path = Assets.xcassets; sourceTree = "<group>"; };
		3E138B29227DC025007B3C3C /* Base */ = {isa = PBXFileReference; lastKnownFileType = file.storyboard; name = Base; path = Base.lproj/LaunchScreen.storyboard; sourceTree = "<group>"; };
		3E138B2B227DC025007B3C3C /* Info.plist */ = {isa = PBXFileReference; lastKnownFileType = text.plist.xml; path = Info.plist; sourceTree = "<group>"; };
		3E138B30227DC025007B3C3C /* OwenHenley-Associate-iOS-Engineer-LondonTests.xctest */ = {isa = PBXFileReference; explicitFileType = wrapper.cfbundle; includeInIndex = 0; path = "OwenHenley-Associate-iOS-Engineer-LondonTests.xctest"; sourceTree = BUILT_PRODUCTS_DIR; };
		3E138B34227DC025007B3C3C /* OwenHenley_Associate_iOS_Engineer_LondonTests.swift */ = {isa = PBXFileReference; lastKnownFileType = sourcecode.swift; path = OwenHenley_Associate_iOS_Engineer_LondonTests.swift; sourceTree = "<group>"; };
		3E138B36227DC025007B3C3C /* Info.plist */ = {isa = PBXFileReference; lastKnownFileType = text.plist.xml; path = Info.plist; sourceTree = "<group>"; };
		3E138B47227DCB5C007B3C3C /* NetworkController.swift */ = {isa = PBXFileReference; lastKnownFileType = sourcecode.swift; path = NetworkController.swift; sourceTree = "<group>"; };
		3E138B49227DCB8F007B3C3C /* RestaurantTableViewCell.swift */ = {isa = PBXFileReference; lastKnownFileType = sourcecode.swift; path = RestaurantTableViewCell.swift; sourceTree = "<group>"; };
		3E138B4A227DCB8F007B3C3C /* RestaurantTableViewCell.xib */ = {isa = PBXFileReference; lastKnownFileType = file.xib; path = RestaurantTableViewCell.xib; sourceTree = "<group>"; };
		3EDE91AA227DD9CB00F10FD6 /* Restaurant.swift */ = {isa = PBXFileReference; lastKnownFileType = sourcecode.swift; path = Restaurant.swift; sourceTree = "<group>"; };
		3EDE91AC227DDEDA00F10FD6 /* AuthKey.plist */ = {isa = PBXFileReference; lastKnownFileType = text.plist.xml; path = AuthKey.plist; sourceTree = "<group>"; };
/* End PBXFileReference section */

/* Begin PBXFrameworksBuildPhase section */
		3E138B19227DC023007B3C3C /* Frameworks */ = {
			isa = PBXFrameworksBuildPhase;
			buildActionMask = 2147483647;
			files = (
			);
			runOnlyForDeploymentPostprocessing = 0;
		};
		3E138B2D227DC025007B3C3C /* Frameworks */ = {
			isa = PBXFrameworksBuildPhase;
			buildActionMask = 2147483647;
			files = (
			);
			runOnlyForDeploymentPostprocessing = 0;
		};
/* End PBXFrameworksBuildPhase section */

/* Begin PBXGroup section */
		3E138B13227DC023007B3C3C = {
			isa = PBXGroup;
			children = (
				3E138B1E227DC023007B3C3C /* OwenHenley-Associate-iOS-Engineer-London */,
				3E138B33227DC025007B3C3C /* OwenHenley-Associate-iOS-Engineer-LondonTests */,
				3E138B1D227DC023007B3C3C /* Products */,
			);
			sourceTree = "<group>";
		};
		3E138B1D227DC023007B3C3C /* Products */ = {
			isa = PBXGroup;
			children = (
				3E138B1C227DC023007B3C3C /* OwenHenley-Associate-iOS-Engineer-London.app */,
				3E138B30227DC025007B3C3C /* OwenHenley-Associate-iOS-Engineer-LondonTests.xctest */,
			);
			name = Products;
			sourceTree = "<group>";
		};
		3E138B1E227DC023007B3C3C /* OwenHenley-Associate-iOS-Engineer-London */ = {
			isa = PBXGroup;
			children = (
				3E138B45227DC9DC007B3C3C /* Services */,
				3E138B44227DC9D3007B3C3C /* ViewControllers */,
				3E138B41227DC9AF007B3C3C /* Views */,
				3E138B40227DC9A4007B3C3C /* Models */,
				3E138B3F227DC994007B3C3C /* Resources */,
			);
			path = "OwenHenley-Associate-iOS-Engineer-London";
			sourceTree = "<group>";
		};
		3E138B33227DC025007B3C3C /* OwenHenley-Associate-iOS-Engineer-LondonTests */ = {
			isa = PBXGroup;
			children = (
				3E138B34227DC025007B3C3C /* OwenHenley_Associate_iOS_Engineer_LondonTests.swift */,
				3E138B36227DC025007B3C3C /* Info.plist */,
			);
			path = "OwenHenley-Associate-iOS-Engineer-LondonTests";
			sourceTree = "<group>";
		};
		3E138B3F227DC994007B3C3C /* Resources */ = {
			isa = PBXGroup;
			children = (
				3E138B1F227DC023007B3C3C /* AppDelegate.swift */,
				3E138B26227DC025007B3C3C /* Assets.xcassets */,
				3E138B28227DC025007B3C3C /* LaunchScreen.storyboard */,
				3E138B2B227DC025007B3C3C /* Info.plist */,
				3EDE91AC227DDEDA00F10FD6 /* AuthKey.plist */,
			);
			path = Resources;
			sourceTree = "<group>";
		};
		3E138B40227DC9A4007B3C3C /* Models */ = {
			isa = PBXGroup;
			children = (
				3EDE91AA227DD9CB00F10FD6 /* Restaurant.swift */,
			);
			path = Models;
			sourceTree = "<group>";
		};
		3E138B41227DC9AF007B3C3C /* Views */ = {
			isa = PBXGroup;
			children = (
				3E138B43227DC9C6007B3C3C /* XIBs */,
				3E138B42227DC9B9007B3C3C /* Storyboards */,
				3E138B49227DCB8F007B3C3C /* RestaurantTableViewCell.swift */,
			);
			path = Views;
			sourceTree = "<group>";
		};
		3E138B42227DC9B9007B3C3C /* Storyboards */ = {
			isa = PBXGroup;
			children = (
				3E138B23227DC023007B3C3C /* Main.storyboard */,
			);
			path = Storyboards;
			sourceTree = "<group>";
		};
		3E138B43227DC9C6007B3C3C /* XIBs */ = {
			isa = PBXGroup;
			children = (
				3E138B4A227DCB8F007B3C3C /* RestaurantTableViewCell.xib */,
			);
			path = XIBs;
			sourceTree = "<group>";
		};
		3E138B44227DC9D3007B3C3C /* ViewControllers */ = {
			isa = PBXGroup;
			children = (
				3E138B21227DC023007B3C3C /* SearchViewController.swift */,
			);
			path = ViewControllers;
			sourceTree = "<group>";
		};
		3E138B45227DC9DC007B3C3C /* Services */ = {
			isa = PBXGroup;
			children = (
				3E138B46227DC9E3007B3C3C /* Networking */,
			);
			path = Services;
			sourceTree = "<group>";
		};
		3E138B46227DC9E3007B3C3C /* Networking */ = {
			isa = PBXGroup;
			children = (
				3E138B47227DCB5C007B3C3C /* NetworkController.swift */,
			);
			path = Networking;
			sourceTree = "<group>";
		};
/* End PBXGroup section */

/* Begin PBXNativeTarget section */
		3E138B1B227DC023007B3C3C /* OwenHenley-Associate-iOS-Engineer-London */ = {
			isa = PBXNativeTarget;
			buildConfigurationList = 3E138B39227DC025007B3C3C /* Build configuration list for PBXNativeTarget "OwenHenley-Associate-iOS-Engineer-London" */;
			buildPhases = (
				3E138B18227DC023007B3C3C /* Sources */,
				3E138B19227DC023007B3C3C /* Frameworks */,
				3E138B1A227DC023007B3C3C /* Resources */,
			);
			buildRules = (
			);
			dependencies = (
			);
			name = "OwenHenley-Associate-iOS-Engineer-London";
			productName = "OwenHenley-Associate-iOS-Engineer-London";
			productReference = 3E138B1C227DC023007B3C3C /* OwenHenley-Associate-iOS-Engineer-London.app */;
			productType = "com.apple.product-type.application";
		};
		3E138B2F227DC025007B3C3C /* OwenHenley-Associate-iOS-Engineer-LondonTests */ = {
			isa = PBXNativeTarget;
			buildConfigurationList = 3E138B3C227DC025007B3C3C /* Build configuration list for PBXNativeTarget "OwenHenley-Associate-iOS-Engineer-LondonTests" */;
			buildPhases = (
				3E138B2C227DC025007B3C3C /* Sources */,
				3E138B2D227DC025007B3C3C /* Frameworks */,
				3E138B2E227DC025007B3C3C /* Resources */,
			);
			buildRules = (
			);
			dependencies = (
				3E138B32227DC025007B3C3C /* PBXTargetDependency */,
			);
			name = "OwenHenley-Associate-iOS-Engineer-LondonTests";
			productName = "OwenHenley-Associate-iOS-Engineer-LondonTests";
			productReference = 3E138B30227DC025007B3C3C /* OwenHenley-Associate-iOS-Engineer-LondonTests.xctest */;
			productType = "com.apple.product-type.bundle.unit-test";
		};
/* End PBXNativeTarget section */

/* Begin PBXProject section */
		3E138B14227DC023007B3C3C /* Project object */ = {
			isa = PBXProject;
			attributes = {
				LastSwiftUpdateCheck = 1020;
				LastUpgradeCheck = 1020;
				ORGANIZATIONNAME = "Owen Henley";
				TargetAttributes = {
					3E138B1B227DC023007B3C3C = {
						CreatedOnToolsVersion = 10.2.1;
					};
					3E138B2F227DC025007B3C3C = {
						CreatedOnToolsVersion = 10.2.1;
						TestTargetID = 3E138B1B227DC023007B3C3C;
					};
				};
			};
			buildConfigurationList = 3E138B17227DC023007B3C3C /* Build configuration list for PBXProject "OwenHenley-Associate-iOS-Engineer-London" */;
			compatibilityVersion = "Xcode 9.3";
			developmentRegion = en;
			hasScannedForEncodings = 0;
			knownRegions = (
				en,
				Base,
			);
			mainGroup = 3E138B13227DC023007B3C3C;
			productRefGroup = 3E138B1D227DC023007B3C3C /* Products */;
			projectDirPath = "";
			projectRoot = "";
			targets = (
				3E138B1B227DC023007B3C3C /* OwenHenley-Associate-iOS-Engineer-London */,
				3E138B2F227DC025007B3C3C /* OwenHenley-Associate-iOS-Engineer-LondonTests */,
			);
		};
/* End PBXProject section */

/* Begin PBXResourcesBuildPhase section */
		3E138B1A227DC023007B3C3C /* Resources */ = {
			isa = PBXResourcesBuildPhase;
			buildActionMask = 2147483647;
			files = (
				3E138B4C227DCB8F007B3C3C /* RestaurantTableViewCell.xib in Resources */,
				3E138B2A227DC025007B3C3C /* LaunchScreen.storyboard in Resources */,
				3E138B27227DC025007B3C3C /* Assets.xcassets in Resources */,
				3EDE91AD227DDEDA00F10FD6 /* AuthKey.plist in Resources */,
				3E138B25227DC023007B3C3C /* Main.storyboard in Resources */,
			);
			runOnlyForDeploymentPostprocessing = 0;
		};
		3E138B2E227DC025007B3C3C /* Resources */ = {
			isa = PBXResourcesBuildPhase;
			buildActionMask = 2147483647;
			files = (
			);
			runOnlyForDeploymentPostprocessing = 0;
		};
/* End PBXResourcesBuildPhase section */

/* Begin PBXSourcesBuildPhase section */
		3E138B18227DC023007B3C3C /* Sources */ = {
			isa = PBXSourcesBuildPhase;
			buildActionMask = 2147483647;
			files = (
				3EDE91AB227DD9CB00F10FD6 /* Restaurant.swift in Sources */,
				3E138B4B227DCB8F007B3C3C /* RestaurantTableViewCell.swift in Sources */,
				3E138B22227DC023007B3C3C /* SearchViewController.swift in Sources */,
				3E138B20227DC023007B3C3C /* AppDelegate.swift in Sources */,
				3E138B48227DCB5C007B3C3C /* NetworkController.swift in Sources */,
			);
			runOnlyForDeploymentPostprocessing = 0;
		};
		3E138B2C227DC025007B3C3C /* Sources */ = {
			isa = PBXSourcesBuildPhase;
			buildActionMask = 2147483647;
			files = (
				3E138B35227DC025007B3C3C /* OwenHenley_Associate_iOS_Engineer_LondonTests.swift in Sources */,
			);
			runOnlyForDeploymentPostprocessing = 0;
		};
/* End PBXSourcesBuildPhase section */

/* Begin PBXTargetDependency section */
		3E138B32227DC025007B3C3C /* PBXTargetDependency */ = {
			isa = PBXTargetDependency;
			target = 3E138B1B227DC023007B3C3C /* OwenHenley-Associate-iOS-Engineer-London */;
			targetProxy = 3E138B31227DC025007B3C3C /* PBXContainerItemProxy */;
		};
/* End PBXTargetDependency section */

/* Begin PBXVariantGroup section */
		3E138B23227DC023007B3C3C /* Main.storyboard */ = {
			isa = PBXVariantGroup;
			children = (
				3E138B24227DC023007B3C3C /* Base */,
			);
			name = Main.storyboard;
			sourceTree = "<group>";
		};
		3E138B28227DC025007B3C3C /* LaunchScreen.storyboard */ = {
			isa = PBXVariantGroup;
			children = (
				3E138B29227DC025007B3C3C /* Base */,
			);
			name = LaunchScreen.storyboard;
			sourceTree = "<group>";
		};
/* End PBXVariantGroup section */

/* Begin XCBuildConfiguration section */
		3E138B37227DC025007B3C3C /* Debug */ = {
			isa = XCBuildConfiguration;
			buildSettings = {
				ALWAYS_SEARCH_USER_PATHS = NO;
				CLANG_ANALYZER_NONNULL = YES;
				CLANG_ANALYZER_NUMBER_OBJECT_CONVERSION = YES_AGGRESSIVE;
				CLANG_CXX_LANGUAGE_STANDARD = "gnu++14";
				CLANG_CXX_LIBRARY = "libc++";
				CLANG_ENABLE_MODULES = YES;
				CLANG_ENABLE_OBJC_ARC = YES;
				CLANG_ENABLE_OBJC_WEAK = YES;
				CLANG_WARN_BLOCK_CAPTURE_AUTORELEASING = YES;
				CLANG_WARN_BOOL_CONVERSION = YES;
				CLANG_WARN_COMMA = YES;
				CLANG_WARN_CONSTANT_CONVERSION = YES;
				CLANG_WARN_DEPRECATED_OBJC_IMPLEMENTATIONS = YES;
				CLANG_WARN_DIRECT_OBJC_ISA_USAGE = YES_ERROR;
				CLANG_WARN_DOCUMENTATION_COMMENTS = YES;
				CLANG_WARN_EMPTY_BODY = YES;
				CLANG_WARN_ENUM_CONVERSION = YES;
				CLANG_WARN_INFINITE_RECURSION = YES;
				CLANG_WARN_INT_CONVERSION = YES;
				CLANG_WARN_NON_LITERAL_NULL_CONVERSION = YES;
				CLANG_WARN_OBJC_IMPLICIT_RETAIN_SELF = YES;
				CLANG_WARN_OBJC_LITERAL_CONVERSION = YES;
				CLANG_WARN_OBJC_ROOT_CLASS = YES_ERROR;
				CLANG_WARN_RANGE_LOOP_ANALYSIS = YES;
				CLANG_WARN_STRICT_PROTOTYPES = YES;
				CLANG_WARN_SUSPICIOUS_MOVE = YES;
				CLANG_WARN_UNGUARDED_AVAILABILITY = YES_AGGRESSIVE;
				CLANG_WARN_UNREACHABLE_CODE = YES;
				CLANG_WARN__DUPLICATE_METHOD_MATCH = YES;
				CODE_SIGN_IDENTITY = "iPhone Developer";
				COPY_PHASE_STRIP = NO;
				DEBUG_INFORMATION_FORMAT = dwarf;
				ENABLE_STRICT_OBJC_MSGSEND = YES;
				ENABLE_TESTABILITY = YES;
				GCC_C_LANGUAGE_STANDARD = gnu11;
				GCC_DYNAMIC_NO_PIC = NO;
				GCC_NO_COMMON_BLOCKS = YES;
				GCC_OPTIMIZATION_LEVEL = 0;
				GCC_PREPROCESSOR_DEFINITIONS = (
					"DEBUG=1",
					"$(inherited)",
				);
				GCC_WARN_64_TO_32_BIT_CONVERSION = YES;
				GCC_WARN_ABOUT_RETURN_TYPE = YES_ERROR;
				GCC_WARN_UNDECLARED_SELECTOR = YES;
				GCC_WARN_UNINITIALIZED_AUTOS = YES_AGGRESSIVE;
				GCC_WARN_UNUSED_FUNCTION = YES;
				GCC_WARN_UNUSED_VARIABLE = YES;
				IPHONEOS_DEPLOYMENT_TARGET = 12.2;
				MTL_ENABLE_DEBUG_INFO = INCLUDE_SOURCE;
				MTL_FAST_MATH = YES;
				ONLY_ACTIVE_ARCH = YES;
				SDKROOT = iphoneos;
				SWIFT_ACTIVE_COMPILATION_CONDITIONS = DEBUG;
				SWIFT_OPTIMIZATION_LEVEL = "-Onone";
			};
			name = Debug;
		};
		3E138B38227DC025007B3C3C /* Release */ = {
			isa = XCBuildConfiguration;
			buildSettings = {
				ALWAYS_SEARCH_USER_PATHS = NO;
				CLANG_ANALYZER_NONNULL = YES;
				CLANG_ANALYZER_NUMBER_OBJECT_CONVERSION = YES_AGGRESSIVE;
				CLANG_CXX_LANGUAGE_STANDARD = "gnu++14";
				CLANG_CXX_LIBRARY = "libc++";
				CLANG_ENABLE_MODULES = YES;
				CLANG_ENABLE_OBJC_ARC = YES;
				CLANG_ENABLE_OBJC_WEAK = YES;
				CLANG_WARN_BLOCK_CAPTURE_AUTORELEASING = YES;
				CLANG_WARN_BOOL_CONVERSION = YES;
				CLANG_WARN_COMMA = YES;
				CLANG_WARN_CONSTANT_CONVERSION = YES;
				CLANG_WARN_DEPRECATED_OBJC_IMPLEMENTATIONS = YES;
				CLANG_WARN_DIRECT_OBJC_ISA_USAGE = YES_ERROR;
				CLANG_WARN_DOCUMENTATION_COMMENTS = YES;
				CLANG_WARN_EMPTY_BODY = YES;
				CLANG_WARN_ENUM_CONVERSION = YES;
				CLANG_WARN_INFINITE_RECURSION = YES;
				CLANG_WARN_INT_CONVERSION = YES;
				CLANG_WARN_NON_LITERAL_NULL_CONVERSION = YES;
				CLANG_WARN_OBJC_IMPLICIT_RETAIN_SELF = YES;
				CLANG_WARN_OBJC_LITERAL_CONVERSION = YES;
				CLANG_WARN_OBJC_ROOT_CLASS = YES_ERROR;
				CLANG_WARN_RANGE_LOOP_ANALYSIS = YES;
				CLANG_WARN_STRICT_PROTOTYPES = YES;
				CLANG_WARN_SUSPICIOUS_MOVE = YES;
				CLANG_WARN_UNGUARDED_AVAILABILITY = YES_AGGRESSIVE;
				CLANG_WARN_UNREACHABLE_CODE = YES;
				CLANG_WARN__DUPLICATE_METHOD_MATCH = YES;
				CODE_SIGN_IDENTITY = "iPhone Developer";
				COPY_PHASE_STRIP = NO;
				DEBUG_INFORMATION_FORMAT = "dwarf-with-dsym";
				ENABLE_NS_ASSERTIONS = NO;
				ENABLE_STRICT_OBJC_MSGSEND = YES;
				GCC_C_LANGUAGE_STANDARD = gnu11;
				GCC_NO_COMMON_BLOCKS = YES;
				GCC_WARN_64_TO_32_BIT_CONVERSION = YES;
				GCC_WARN_ABOUT_RETURN_TYPE = YES_ERROR;
				GCC_WARN_UNDECLARED_SELECTOR = YES;
				GCC_WARN_UNINITIALIZED_AUTOS = YES_AGGRESSIVE;
				GCC_WARN_UNUSED_FUNCTION = YES;
				GCC_WARN_UNUSED_VARIABLE = YES;
				IPHONEOS_DEPLOYMENT_TARGET = 12.2;
				MTL_ENABLE_DEBUG_INFO = NO;
				MTL_FAST_MATH = YES;
				SDKROOT = iphoneos;
				SWIFT_COMPILATION_MODE = wholemodule;
				SWIFT_OPTIMIZATION_LEVEL = "-O";
				VALIDATE_PRODUCT = YES;
			};
			name = Release;
		};
		3E138B3A227DC025007B3C3C /* Debug */ = {
			isa = XCBuildConfiguration;
			buildSettings = {
				ASSETCATALOG_COMPILER_APPICON_NAME = AppIcon;
				CODE_SIGN_STYLE = Automatic;
				DEVELOPMENT_TEAM = CYZA2EE6W8;
				INFOPLIST_FILE = "$(SRCROOT)/OwenHenley-Associate-iOS-Engineer-London/Resources/Info.plist";
				IPHONEOS_DEPLOYMENT_TARGET = 11.4;
				LD_RUNPATH_SEARCH_PATHS = (
					"$(inherited)",
					"@executable_path/Frameworks",
				);
				PRODUCT_BUNDLE_IDENTIFIER = "io.owenhenley.OwenHenley-Associate-iOS-Engineer-London";
				PRODUCT_NAME = "$(TARGET_NAME)";
				SWIFT_VERSION = 5.0;
				TARGETED_DEVICE_FAMILY = 1;
			};
			name = Debug;
		};
		3E138B3B227DC025007B3C3C /* Release */ = {
			isa = XCBuildConfiguration;
			buildSettings = {
				ASSETCATALOG_COMPILER_APPICON_NAME = AppIcon;
				CODE_SIGN_STYLE = Automatic;
				DEVELOPMENT_TEAM = CYZA2EE6W8;
				INFOPLIST_FILE = "$(SRCROOT)/OwenHenley-Associate-iOS-Engineer-London/Resources/Info.plist";
				IPHONEOS_DEPLOYMENT_TARGET = 11.4;
				LD_RUNPATH_SEARCH_PATHS = (
					"$(inherited)",
					"@executable_path/Frameworks",
				);
				PRODUCT_BUNDLE_IDENTIFIER = "io.owenhenley.OwenHenley-Associate-iOS-Engineer-London";
				PRODUCT_NAME = "$(TARGET_NAME)";
				SWIFT_VERSION = 5.0;
				TARGETED_DEVICE_FAMILY = 1;
			};
			name = Release;
		};
		3E138B3D227DC025007B3C3C /* Debug */ = {
			isa = XCBuildConfiguration;
			buildSettings = {
				ALWAYS_EMBED_SWIFT_STANDARD_LIBRARIES = YES;
				BUNDLE_LOADER = "$(TEST_HOST)";
				CODE_SIGN_STYLE = Automatic;
				DEVELOPMENT_TEAM = CYZA2EE6W8;
				INFOPLIST_FILE = "OwenHenley-Associate-iOS-Engineer-LondonTests/Info.plist";
				LD_RUNPATH_SEARCH_PATHS = (
					"$(inherited)",
					"@executable_path/Frameworks",
					"@loader_path/Frameworks",
				);
				PRODUCT_BUNDLE_IDENTIFIER = "io.owenhenley.OwenHenley-Associate-iOS-Engineer-LondonTests";
				PRODUCT_NAME = "$(TARGET_NAME)";
				SWIFT_VERSION = 5.0;
				TARGETED_DEVICE_FAMILY = "1,2";
				TEST_HOST = "$(BUILT_PRODUCTS_DIR)/OwenHenley-Associate-iOS-Engineer-London.app/OwenHenley-Associate-iOS-Engineer-London";
			};
			name = Debug;
		};
		3E138B3E227DC025007B3C3C /* Release */ = {
			isa = XCBuildConfiguration;
			buildSettings = {
				ALWAYS_EMBED_SWIFT_STANDARD_LIBRARIES = YES;
				BUNDLE_LOADER = "$(TEST_HOST)";
				CODE_SIGN_STYLE = Automatic;
				DEVELOPMENT_TEAM = CYZA2EE6W8;
				INFOPLIST_FILE = "OwenHenley-Associate-iOS-Engineer-LondonTests/Info.plist";
				LD_RUNPATH_SEARCH_PATHS = (
					"$(inherited)",
					"@executable_path/Frameworks",
					"@loader_path/Frameworks",
				);
				PRODUCT_BUNDLE_IDENTIFIER = "io.owenhenley.OwenHenley-Associate-iOS-Engineer-LondonTests";
				PRODUCT_NAME = "$(TARGET_NAME)";
				SWIFT_VERSION = 5.0;
				TARGETED_DEVICE_FAMILY = "1,2";
				TEST_HOST = "$(BUILT_PRODUCTS_DIR)/OwenHenley-Associate-iOS-Engineer-London.app/OwenHenley-Associate-iOS-Engineer-London";
			};
			name = Release;
		};
/* End XCBuildConfiguration section */

/* Begin XCConfigurationList section */
		3E138B17227DC023007B3C3C /* Build configuration list for PBXProject "OwenHenley-Associate-iOS-Engineer-London" */ = {
			isa = XCConfigurationList;
			buildConfigurations = (
				3E138B37227DC025007B3C3C /* Debug */,
				3E138B38227DC025007B3C3C /* Release */,
			);
			defaultConfigurationIsVisible = 0;
			defaultConfigurationName = Release;
		};
		3E138B39227DC025007B3C3C /* Build configuration list for PBXNativeTarget "OwenHenley-Associate-iOS-Engineer-London" */ = {
			isa = XCConfigurationList;
			buildConfigurations = (
				3E138B3A227DC025007B3C3C /* Debug */,
				3E138B3B227DC025007B3C3C /* Release */,
			);
			defaultConfigurationIsVisible = 0;
			defaultConfigurationName = Release;
		};
		3E138B3C227DC025007B3C3C /* Build configuration list for PBXNativeTarget "OwenHenley-Associate-iOS-Engineer-LondonTests" */ = {
			isa = XCConfigurationList;
			buildConfigurations = (
				3E138B3D227DC025007B3C3C /* Debug */,
				3E138B3E227DC025007B3C3C /* Release */,
			);
			defaultConfigurationIsVisible = 0;
			defaultConfigurationName = Release;
		};
/* End XCConfigurationList section */
	};
	rootObject = 3E138B14227DC023007B3C3C /* Project object */;
}
